
Microsoft Visual Studio Solution File, Format Version 12.00
# Visual Studio Version 16
VisualStudioVersion = 16.0.31624.102
MinimumVisualStudioVersion = 10.0.40219.1
Project("{FAE04EC0-301F-11D3-BF4B-00C04F79EFBC}") = "TotóGUI", "TotóGUI\TotóGUI.csproj", "{C6428FAF-27F0-4C15-ADA1-81DE2BCDB268}"
EndProject
Global
	GlobalSection(SolutionConfigurationPlatforms) = preSolution
		Debug|Any CPU = Debug|Any CPU
		Release|Any CPU = Release|Any CPU
	EndGlobalSection
	GlobalSection(ProjectConfigurationPlatforms) = postSolution
		{C6428FAF-27F0-4C15-ADA1-81DE2BCDB268}.Debug|Any CPU.ActiveCfg = Debug|Any CPU
		{C6428FAF-27F0-4C15-ADA1-81DE2BCDB268}.Debug|Any CPU.Build.0 = Debug|Any CPU
		{C6428FAF-27F0-4C15-ADA1-81DE2BCDB268}.Release|Any CPU.ActiveCfg = Release|Any CPU
		{C6428FAF-27F0-4C15-ADA1-81DE2BCDB268}.Release|Any CPU.Build.0 = Release|Any CPU
	EndGlobalSection
	GlobalSection(SolutionProperties) = preSolution
		HideSolutionNode = FALSE
	EndGlobalSection
	GlobalSection(ExtensibilityGlobals) = postSolution
		SolutionGuid = {2B1A6606-8ED8-402C-B8D9-89E6F01DCEF3}
	EndGlobalSection
EndGlobal
